// !$*UTF8*$!
{
	archiveVersion = 1;
	classes = {
	};
	objectVersion = 46;
	objects = {

/* Begin PBXBuildFile section */
		8A2CE5CB19600D1D00E288D6 /* Parse.framework in Frameworks */ = {isa = PBXBuildFile; fileRef = 8A2CE5CA19600D1D00E288D6 /* Parse.framework */; };
		8A2CE5CD1960258B00E288D6 /* SystemConfiguration.framework in Frameworks */ = {isa = PBXBuildFile; fileRef = 8A2CE5CC1960258B00E288D6 /* SystemConfiguration.framework */; };
		8A2CE5CF196025AF00E288D6 /* AudioToolbox.framework in Frameworks */ = {isa = PBXBuildFile; fileRef = 8A2CE5CE196025AF00E288D6 /* AudioToolbox.framework */; };
		8A2CE5D1196025C000E288D6 /* CFNetwork.framework in Frameworks */ = {isa = PBXBuildFile; fileRef = 8A2CE5D0196025C000E288D6 /* CFNetwork.framework */; };
		8A2CE5D3196025D500E288D6 /* CoreLocation.framework in Frameworks */ = {isa = PBXBuildFile; fileRef = 8A2CE5D2196025D500E288D6 /* CoreLocation.framework */; };
		8A2CE5D5196025EC00E288D6 /* libz.1.1.3.dylib in Frameworks */ = {isa = PBXBuildFile; fileRef = 8A2CE5D4196025EC00E288D6 /* libz.1.1.3.dylib */; };
		8A2CE5D71960260F00E288D6 /* MobileCoreServices.framework in Frameworks */ = {isa = PBXBuildFile; fileRef = 8A2CE5D61960260F00E288D6 /* MobileCoreServices.framework */; };
		8A2CE5D91960261D00E288D6 /* QuartzCore.framework in Frameworks */ = {isa = PBXBuildFile; fileRef = 8A2CE5D81960261D00E288D6 /* QuartzCore.framework */; };
		8A2CE5DB1960262D00E288D6 /* Security.framework in Frameworks */ = {isa = PBXBuildFile; fileRef = 8A2CE5DA1960262D00E288D6 /* Security.framework */; };
		8A5C8209195F6B3800A8BA6B /* Foundation.framework in Frameworks */ = {isa = PBXBuildFile; fileRef = 8A5C8208195F6B3800A8BA6B /* Foundation.framework */; };
		8A5C820B195F6B3800A8BA6B /* CoreGraphics.framework in Frameworks */ = {isa = PBXBuildFile; fileRef = 8A5C820A195F6B3800A8BA6B /* CoreGraphics.framework */; };
		8A5C820D195F6B3800A8BA6B /* UIKit.framework in Frameworks */ = {isa = PBXBuildFile; fileRef = 8A5C820C195F6B3800A8BA6B /* UIKit.framework */; };
		8A5C8213195F6B3800A8BA6B /* InfoPlist.strings in Resources */ = {isa = PBXBuildFile; fileRef = 8A5C8211195F6B3800A8BA6B /* InfoPlist.strings */; };
		8A5C8215195F6B3800A8BA6B /* main.m in Sources */ = {isa = PBXBuildFile; fileRef = 8A5C8214195F6B3800A8BA6B /* main.m */; };
		8A5C8219195F6B3800A8BA6B /* AppDelegate.m in Sources */ = {isa = PBXBuildFile; fileRef = 8A5C8218195F6B3800A8BA6B /* AppDelegate.m */; };
		8A5C821C195F6B3800A8BA6B /* Main.storyboard in Resources */ = {isa = PBXBuildFile; fileRef = 8A5C821A195F6B3800A8BA6B /* Main.storyboard */; };
		8A5C821F195F6B3800A8BA6B /* ViewController.m in Sources */ = {isa = PBXBuildFile; fileRef = 8A5C821E195F6B3800A8BA6B /* ViewController.m */; };
		8A5C8221195F6B3800A8BA6B /* Images.xcassets in Resources */ = {isa = PBXBuildFile; fileRef = 8A5C8220195F6B3800A8BA6B /* Images.xcassets */; };
		8A5C8228195F6B3900A8BA6B /* XCTest.framework in Frameworks */ = {isa = PBXBuildFile; fileRef = 8A5C8227195F6B3900A8BA6B /* XCTest.framework */; };
		8A5C8229195F6B3900A8BA6B /* Foundation.framework in Frameworks */ = {isa = PBXBuildFile; fileRef = 8A5C8208195F6B3800A8BA6B /* Foundation.framework */; };
		8A5C822A195F6B3900A8BA6B /* UIKit.framework in Frameworks */ = {isa = PBXBuildFile; fileRef = 8A5C820C195F6B3800A8BA6B /* UIKit.framework */; };
		8A5C8232195F6B3900A8BA6B /* InfoPlist.strings in Resources */ = {isa = PBXBuildFile; fileRef = 8A5C8230195F6B3900A8BA6B /* InfoPlist.strings */; };
		8A5C8234195F6B3900A8BA6B /* ppTests.m in Sources */ = {isa = PBXBuildFile; fileRef = 8A5C8233195F6B3900A8BA6B /* ppTests.m */; };
		8A5C823F195F6F3800A8BA6B /* UploadViewController.m in Sources */ = {isa = PBXBuildFile; fileRef = 8A5C823E195F6F3800A8BA6B /* UploadViewController.m */; };
/* End PBXBuildFile section */

/* Begin PBXContainerItemProxy section */
		8A5C822B195F6B3900A8BA6B /* PBXContainerItemProxy */ = {
			isa = PBXContainerItemProxy;
			containerPortal = 8A5C81FD195F6B3800A8BA6B /* Project object */;
			proxyType = 1;
			remoteGlobalIDString = 8A5C8204195F6B3800A8BA6B;
			remoteInfo = pp;
		};
/* End PBXContainerItemProxy section */

/* Begin PBXFileReference section */
		8A2CE5CA19600D1D00E288D6 /* Parse.framework */ = {isa = PBXFileReference; lastKnownFileType = wrapper.framework; path = Parse.framework; sourceTree = "<group>"; };
		8A2CE5CC1960258B00E288D6 /* SystemConfiguration.framework */ = {isa = PBXFileReference; lastKnownFileType = wrapper.framework; name = SystemConfiguration.framework; path = System/Library/Frameworks/SystemConfiguration.framework; sourceTree = SDKROOT; };
		8A2CE5CE196025AF00E288D6 /* AudioToolbox.framework */ = {isa = PBXFileReference; lastKnownFileType = wrapper.framework; name = AudioToolbox.framework; path = System/Library/Frameworks/AudioToolbox.framework; sourceTree = SDKROOT; };
		8A2CE5D0196025C000E288D6 /* CFNetwork.framework */ = {isa = PBXFileReference; lastKnownFileType = wrapper.framework; name = CFNetwork.framework; path = System/Library/Frameworks/CFNetwork.framework; sourceTree = SDKROOT; };
		8A2CE5D2196025D500E288D6 /* CoreLocation.framework */ = {isa = PBXFileReference; lastKnownFileType = wrapper.framework; name = CoreLocation.framework; path = System/Library/Frameworks/CoreLocation.framework; sourceTree = SDKROOT; };
		8A2CE5D4196025EC00E288D6 /* libz.1.1.3.dylib */ = {isa = PBXFileReference; lastKnownFileType = "compiled.mach-o.dylib"; name = libz.1.1.3.dylib; path = usr/lib/libz.1.1.3.dylib; sourceTree = SDKROOT; };
		8A2CE5D61960260F00E288D6 /* MobileCoreServices.framework */ = {isa = PBXFileReference; lastKnownFileType = wrapper.framework; name = MobileCoreServices.framework; path = System/Library/Frameworks/MobileCoreServices.framework; sourceTree = SDKROOT; };
		8A2CE5D81960261D00E288D6 /* QuartzCore.framework */ = {isa = PBXFileReference; lastKnownFileType = wrapper.framework; name = QuartzCore.framework; path = System/Library/Frameworks/QuartzCore.framework; sourceTree = SDKROOT; };
		8A2CE5DA1960262D00E288D6 /* Security.framework */ = {isa = PBXFileReference; lastKnownFileType = wrapper.framework; name = Security.framework; path = System/Library/Frameworks/Security.framework; sourceTree = SDKROOT; };
		8A5C8205195F6B3800A8BA6B /* ParseTutorial.app */ = {isa = PBXFileReference; explicitFileType = wrapper.application; includeInIndex = 0; path = ParseTutorial.app; sourceTree = BUILT_PRODUCTS_DIR; };
		8A5C8208195F6B3800A8BA6B /* Foundation.framework */ = {isa = PBXFileReference; lastKnownFileType = wrapper.framework; name = Foundation.framework; path = System/Library/Frameworks/Foundation.framework; sourceTree = SDKROOT; };
		8A5C820A195F6B3800A8BA6B /* CoreGraphics.framework */ = {isa = PBXFileReference; lastKnownFileType = wrapper.framework; name = CoreGraphics.framework; path = System/Library/Frameworks/CoreGraphics.framework; sourceTree = SDKROOT; };
		8A5C820C195F6B3800A8BA6B /* UIKit.framework */ = {isa = PBXFileReference; lastKnownFileType = wrapper.framework; name = UIKit.framework; path = System/Library/Frameworks/UIKit.framework; sourceTree = SDKROOT; };
		8A5C8210195F6B3800A8BA6B /* ParseTutorial-Info.plist */ = {isa = PBXFileReference; lastKnownFileType = text.plist.xml; path = "ParseTutorial-Info.plist"; sourceTree = "<group>"; };
		8A5C8212195F6B3800A8BA6B /* en */ = {isa = PBXFileReference; lastKnownFileType = text.plist.strings; name = en; path = en.lproj/InfoPlist.strings; sourceTree = "<group>"; };
		8A5C8214195F6B3800A8BA6B /* main.m */ = {isa = PBXFileReference; lastKnownFileType = sourcecode.c.objc; path = main.m; sourceTree = "<group>"; };
		8A5C8216195F6B3800A8BA6B /* ParseTutorial-Prefix.pch */ = {isa = PBXFileReference; lastKnownFileType = sourcecode.c.h; path = "ParseTutorial-Prefix.pch"; sourceTree = "<group>"; };
		8A5C8217195F6B3800A8BA6B /* AppDelegate.h */ = {isa = PBXFileReference; lastKnownFileType = sourcecode.c.h; path = AppDelegate.h; sourceTree = "<group>"; };
		8A5C8218195F6B3800A8BA6B /* AppDelegate.m */ = {isa = PBXFileReference; lastKnownFileType = sourcecode.c.objc; path = AppDelegate.m; sourceTree = "<group>"; };
		8A5C821B195F6B3800A8BA6B /* Base */ = {isa = PBXFileReference; lastKnownFileType = file.storyboard; name = Base; path = Base.lproj/Main.storyboard; sourceTree = "<group>"; };
		8A5C821D195F6B3800A8BA6B /* ViewController.h */ = {isa = PBXFileReference; lastKnownFileType = sourcecode.c.h; path = ViewController.h; sourceTree = "<group>"; };
		8A5C821E195F6B3800A8BA6B /* ViewController.m */ = {isa = PBXFileReference; lastKnownFileType = sourcecode.c.objc; path = ViewController.m; sourceTree = "<group>"; };
		8A5C8220195F6B3800A8BA6B /* Images.xcassets */ = {isa = PBXFileReference; lastKnownFileType = folder.assetcatalog; path = Images.xcassets; sourceTree = "<group>"; };
		8A5C8226195F6B3900A8BA6B /* ParseTutorialTests.xctest */ = {isa = PBXFileReference; explicitFileType = wrapper.cfbundle; includeInIndex = 0; path = ParseTutorialTests.xctest; sourceTree = BUILT_PRODUCTS_DIR; };
		8A5C8227195F6B3900A8BA6B /* XCTest.framework */ = {isa = PBXFileReference; lastKnownFileType = wrapper.framework; name = XCTest.framework; path = Library/Frameworks/XCTest.framework; sourceTree = DEVELOPER_DIR; };
		8A5C822F195F6B3900A8BA6B /* ParseTutorialTests-Info.plist */ = {isa = PBXFileReference; lastKnownFileType = text.plist.xml; path = "ParseTutorialTests-Info.plist"; sourceTree = "<group>"; };
		8A5C8231195F6B3900A8BA6B /* en */ = {isa = PBXFileReference; lastKnownFileType = text.plist.strings; name = en; path = en.lproj/InfoPlist.strings; sourceTree = "<group>"; };
		8A5C8233195F6B3900A8BA6B /* ppTests.m */ = {isa = PBXFileReference; lastKnownFileType = sourcecode.c.objc; path = ppTests.m; sourceTree = "<group>"; };
		8A5C823D195F6F3800A8BA6B /* UploadViewController.h */ = {isa = PBXFileReference; fileEncoding = 4; lastKnownFileType = sourcecode.c.h; path = UploadViewController.h; sourceTree = "<group>"; };
		8A5C823E195F6F3800A8BA6B /* UploadViewController.m */ = {isa = PBXFileReference; fileEncoding = 4; lastKnownFileType = sourcecode.c.objc; path = UploadViewController.m; sourceTree = "<group>"; };
/* End PBXFileReference section */

/* Begin PBXFrameworksBuildPhase section */
		8A5C8202195F6B3800A8BA6B /* Frameworks */ = {
			isa = PBXFrameworksBuildPhase;
			buildActionMask = 2147483647;
			files = (
				8A2CE5DB1960262D00E288D6 /* Security.framework in Frameworks */,
				8A2CE5D91960261D00E288D6 /* QuartzCore.framework in Frameworks */,
				8A2CE5D71960260F00E288D6 /* MobileCoreServices.framework in Frameworks */,
				8A2CE5D5196025EC00E288D6 /* libz.1.1.3.dylib in Frameworks */,
				8A2CE5D3196025D500E288D6 /* CoreLocation.framework in Frameworks */,
				8A2CE5D1196025C000E288D6 /* CFNetwork.framework in Frameworks */,
				8A2CE5CF196025AF00E288D6 /* AudioToolbox.framework in Frameworks */,
				8A2CE5CD1960258B00E288D6 /* SystemConfiguration.framework in Frameworks */,
				8A5C820B195F6B3800A8BA6B /* CoreGraphics.framework in Frameworks */,
				8A5C820D195F6B3800A8BA6B /* UIKit.framework in Frameworks */,
				8A2CE5CB19600D1D00E288D6 /* Parse.framework in Frameworks */,
				8A5C8209195F6B3800A8BA6B /* Foundation.framework in Frameworks */,
			);
			runOnlyForDeploymentPostprocessing = 0;
		};
		8A5C8223195F6B3900A8BA6B /* Frameworks */ = {
			isa = PBXFrameworksBuildPhase;
			buildActionMask = 2147483647;
			files = (
				8A5C8228195F6B3900A8BA6B /* XCTest.framework in Frameworks */,
				8A5C822A195F6B3900A8BA6B /* UIKit.framework in Frameworks */,
				8A5C8229195F6B3900A8BA6B /* Foundation.framework in Frameworks */,
			);
			runOnlyForDeploymentPostprocessing = 0;
		};
/* End PBXFrameworksBuildPhase section */

/* Begin PBXGroup section */
		8A5C81FC195F6B3800A8BA6B = {
			isa = PBXGroup;
			children = (
				8A5C820E195F6B3800A8BA6B /* ParseTutorial */,
				8A5C822D195F6B3900A8BA6B /* ParseTutorialTest */,
				8A5C8207195F6B3800A8BA6B /* Frameworks */,
				8A5C8206195F6B3800A8BA6B /* Products */,
			);
			sourceTree = "<group>";
		};
		8A5C8206195F6B3800A8BA6B /* Products */ = {
			isa = PBXGroup;
			children = (
				8A5C8205195F6B3800A8BA6B /* ParseTutorial.app */,
				8A5C8226195F6B3900A8BA6B /* ParseTutorialTests.xctest */,
			);
			name = Products;
			sourceTree = "<group>";
		};
		8A5C8207195F6B3800A8BA6B /* Frameworks */ = {
			isa = PBXGroup;
			children = (
				8A2CE5DA1960262D00E288D6 /* Security.framework */,
				8A2CE5D81960261D00E288D6 /* QuartzCore.framework */,
				8A2CE5D61960260F00E288D6 /* MobileCoreServices.framework */,
				8A2CE5D4196025EC00E288D6 /* libz.1.1.3.dylib */,
				8A2CE5D2196025D500E288D6 /* CoreLocation.framework */,
				8A2CE5D0196025C000E288D6 /* CFNetwork.framework */,
				8A2CE5CE196025AF00E288D6 /* AudioToolbox.framework */,
				8A2CE5CC1960258B00E288D6 /* SystemConfiguration.framework */,
				8A2CE5CA19600D1D00E288D6 /* Parse.framework */,
				8A5C8208195F6B3800A8BA6B /* Foundation.framework */,
				8A5C820A195F6B3800A8BA6B /* CoreGraphics.framework */,
				8A5C820C195F6B3800A8BA6B /* UIKit.framework */,
				8A5C8227195F6B3900A8BA6B /* XCTest.framework */,
			);
			name = Frameworks;
			sourceTree = "<group>";
		};
		8A5C820E195F6B3800A8BA6B /* ParseTutorial */ = {
			isa = PBXGroup;
			children = (
				8A5C8217195F6B3800A8BA6B /* AppDelegate.h */,
				8A5C8218195F6B3800A8BA6B /* AppDelegate.m */,
				8A5C821A195F6B3800A8BA6B /* Main.storyboard */,
				8A5C823D195F6F3800A8BA6B /* UploadViewController.h */,
				8A5C823E195F6F3800A8BA6B /* UploadViewController.m */,
				8A5C821D195F6B3800A8BA6B /* ViewController.h */,
				8A5C821E195F6B3800A8BA6B /* ViewController.m */,
				8A5C8220195F6B3800A8BA6B /* Images.xcassets */,
				8A5C820F195F6B3800A8BA6B /* Supporting Files */,
			);
			name = ParseTutorial;
			path = pp;
			sourceTree = "<group>";
		};
		8A5C820F195F6B3800A8BA6B /* Supporting Files */ = {
			isa = PBXGroup;
			children = (
				8A5C8210195F6B3800A8BA6B /* ParseTutorial-Info.plist */,
				8A5C8211195F6B3800A8BA6B /* InfoPlist.strings */,
				8A5C8214195F6B3800A8BA6B /* main.m */,
				8A5C8216195F6B3800A8BA6B /* ParseTutorial-Prefix.pch */,
			);
			name = "Supporting Files";
			sourceTree = "<group>";
		};
		8A5C822D195F6B3900A8BA6B /* ParseTutorialTest */ = {
			isa = PBXGroup;
			children = (
				8A5C8233195F6B3900A8BA6B /* ppTests.m */,
				8A5C822E195F6B3900A8BA6B /* Supporting Files */,
			);
			name = ParseTutorialTest;
			path = ppTests;
			sourceTree = "<group>";
		};
		8A5C822E195F6B3900A8BA6B /* Supporting Files */ = {
			isa = PBXGroup;
			children = (
				8A5C822F195F6B3900A8BA6B /* ParseTutorialTests-Info.plist */,
				8A5C8230195F6B3900A8BA6B /* InfoPlist.strings */,
			);
			name = "Supporting Files";
			sourceTree = "<group>";
		};
/* End PBXGroup section */

/* Begin PBXNativeTarget section */
		8A5C8204195F6B3800A8BA6B /* ParseTutorial */ = {
			isa = PBXNativeTarget;
			buildConfigurationList = 8A5C8237195F6B3900A8BA6B /* Build configuration list for PBXNativeTarget "ParseTutorial" */;
			buildPhases = (
				8A5C8201195F6B3800A8BA6B /* Sources */,
				8A5C8202195F6B3800A8BA6B /* Frameworks */,
				8A5C8203195F6B3800A8BA6B /* Resources */,
			);
			buildRules = (
			);
			dependencies = (
			);
			name = ParseTutorial;
			productName = pp;
			productReference = 8A5C8205195F6B3800A8BA6B /* ParseTutorial.app */;
			productType = "com.apple.product-type.application";
		};
		8A5C8225195F6B3900A8BA6B /* ParseTutorialTests */ = {
			isa = PBXNativeTarget;
			buildConfigurationList = 8A5C823A195F6B3900A8BA6B /* Build configuration list for PBXNativeTarget "ParseTutorialTests" */;
			buildPhases = (
				8A5C8222195F6B3900A8BA6B /* Sources */,
				8A5C8223195F6B3900A8BA6B /* Frameworks */,
				8A5C8224195F6B3900A8BA6B /* Resources */,
			);
			buildRules = (
			);
			dependencies = (
				8A5C822C195F6B3900A8BA6B /* PBXTargetDependency */,
			);
			name = ParseTutorialTests;
			productName = ppTests;
			productReference = 8A5C8226195F6B3900A8BA6B /* ParseTutorialTests.xctest */;
			productType = "com.apple.product-type.bundle.unit-test";
		};
/* End PBXNativeTarget section */

/* Begin PBXProject section */
		8A5C81FD195F6B3800A8BA6B /* Project object */ = {
			isa = PBXProject;
			attributes = {
				LastUpgradeCheck = 0510;
				ORGANIZATIONNAME = com.giria;
				TargetAttributes = {
					8A5C8225195F6B3900A8BA6B = {
						TestTargetID = 8A5C8204195F6B3800A8BA6B;
					};
				};
			};
			buildConfigurationList = 8A5C8200195F6B3800A8BA6B /* Build configuration list for PBXProject "ParseTutorial" */;
			compatibilityVersion = "Xcode 3.2";
			developmentRegion = English;
			hasScannedForEncodings = 0;
			knownRegions = (
				en,
				Base,
			);
			mainGroup = 8A5C81FC195F6B3800A8BA6B;
			productRefGroup = 8A5C8206195F6B3800A8BA6B /* Products */;
			projectDirPath = "";
			projectRoot = "";
			targets = (
				8A5C8204195F6B3800A8BA6B /* ParseTutorial */,
				8A5C8225195F6B3900A8BA6B /* ParseTutorialTests */,
			);
		};
/* End PBXProject section */

/* Begin PBXResourcesBuildPhase section */
		8A5C8203195F6B3800A8BA6B /* Resources */ = {
			isa = PBXResourcesBuildPhase;
			buildActionMask = 2147483647;
			files = (
				8A5C8221195F6B3800A8BA6B /* Images.xcassets in Resources */,
				8A5C8213195F6B3800A8BA6B /* InfoPlist.strings in Resources */,
				8A5C821C195F6B3800A8BA6B /* Main.storyboard in Resources */,
			);
			runOnlyForDeploymentPostprocessing = 0;
		};
		8A5C8224195F6B3900A8BA6B /* Resources */ = {
			isa = PBXResourcesBuildPhase;
			buildActionMask = 2147483647;
			files = (
				8A5C8232195F6B3900A8BA6B /* InfoPlist.strings in Resources */,
			);
			runOnlyForDeploymentPostprocessing = 0;
		};
/* End PBXResourcesBuildPhase section */

/* Begin PBXSourcesBuildPhase section */
		8A5C8201195F6B3800A8BA6B /* Sources */ = {
			isa = PBXSourcesBuildPhase;
			buildActionMask = 2147483647;
			files = (
				8A5C821F195F6B3800A8BA6B /* ViewController.m in Sources */,
				8A5C823F195F6F3800A8BA6B /* UploadViewController.m in Sources */,
				8A5C8219195F6B3800A8BA6B /* AppDelegate.m in Sources */,
				8A5C8215195F6B3800A8BA6B /* main.m in Sources */,
			);
			runOnlyForDeploymentPostprocessing = 0;
		};
		8A5C8222195F6B3900A8BA6B /* Sources */ = {
			isa = PBXSourcesBuildPhase;
			buildActionMask = 2147483647;
			files = (
				8A5C8234195F6B3900A8BA6B /* ppTests.m in Sources */,
			);
			runOnlyForDeploymentPostprocessing = 0;
		};
/* End PBXSourcesBuildPhase section */

/* Begin PBXTargetDependency section */
		8A5C822C195F6B3900A8BA6B /* PBXTargetDependency */ = {
			isa = PBXTargetDependency;
			target = 8A5C8204195F6B3800A8BA6B /* ParseTutorial */;
			targetProxy = 8A5C822B195F6B3900A8BA6B /* PBXContainerItemProxy */;
		};
/* End PBXTargetDependency section */

/* Begin PBXVariantGroup section */
		8A5C8211195F6B3800A8BA6B /* InfoPlist.strings */ = {
			isa = PBXVariantGroup;
			children = (
				8A5C8212195F6B3800A8BA6B /* en */,
			);
			name = InfoPlist.strings;
			sourceTree = "<group>";
		};
		8A5C821A195F6B3800A8BA6B /* Main.storyboard */ = {
			isa = PBXVariantGroup;
			children = (
				8A5C821B195F6B3800A8BA6B /* Base */,
			);
			name = Main.storyboard;
			sourceTree = "<group>";
		};
		8A5C8230195F6B3900A8BA6B /* InfoPlist.strings */ = {
			isa = PBXVariantGroup;
			children = (
				8A5C8231195F6B3900A8BA6B /* en */,
			);
			name = InfoPlist.strings;
			sourceTree = "<group>";
		};
/* End PBXVariantGroup section */

/* Begin XCBuildConfiguration section */
		8A5C8235195F6B3900A8BA6B /* Debug */ = {
			isa = XCBuildConfiguration;
			buildSettings = {
				ALWAYS_SEARCH_USER_PATHS = NO;
				CLANG_CXX_LANGUAGE_STANDARD = "gnu++0x";
				CLANG_CXX_LIBRARY = "libc++";
				CLANG_ENABLE_MODULES = YES;
				CLANG_ENABLE_OBJC_ARC = YES;
				CLANG_WARN_BOOL_CONVERSION = YES;
				CLANG_WARN_CONSTANT_CONVERSION = YES;
				CLANG_WARN_DIRECT_OBJC_ISA_USAGE = YES_ERROR;
				CLANG_WARN_EMPTY_BODY = YES;
				CLANG_WARN_ENUM_CONVERSION = YES;
				CLANG_WARN_INT_CONVERSION = YES;
				CLANG_WARN_OBJC_ROOT_CLASS = YES_ERROR;
				CLANG_WARN__DUPLICATE_METHOD_MATCH = YES;
				"CODE_SIGN_IDENTITY[sdk=iphoneos*]" = "iPhone Developer";
				COPY_PHASE_STRIP = NO;
				GCC_C_LANGUAGE_STANDARD = gnu99;
				GCC_DYNAMIC_NO_PIC = NO;
				GCC_OPTIMIZATION_LEVEL = 0;
				GCC_PREPROCESSOR_DEFINITIONS = (
					"DEBUG=1",
					"$(inherited)",
				);
				GCC_SYMBOLS_PRIVATE_EXTERN = NO;
				GCC_WARN_64_TO_32_BIT_CONVERSION = YES;
				GCC_WARN_ABOUT_RETURN_TYPE = YES_ERROR;
				GCC_WARN_UNDECLARED_SELECTOR = YES;
				GCC_WARN_UNINITIALIZED_AUTOS = YES_AGGRESSIVE;
				GCC_WARN_UNUSED_FUNCTION = YES;
				GCC_WARN_UNUSED_VARIABLE = YES;
				IPHONEOS_DEPLOYMENT_TARGET = 7.1;
				ONLY_ACTIVE_ARCH = YES;
				SDKROOT = iphoneos;
			};
			name = Debug;
		};
		8A5C8236195F6B3900A8BA6B /* Release */ = {
			isa = XCBuildConfiguration;
			buildSettings = {
				ALWAYS_SEARCH_USER_PATHS = NO;
				CLANG_CXX_LANGUAGE_STANDARD = "gnu++0x";
				CLANG_CXX_LIBRARY = "libc++";
				CLANG_ENABLE_MODULES = YES;
				CLANG_ENABLE_OBJC_ARC = YES;
				CLANG_WARN_BOOL_CONVERSION = YES;
				CLANG_WARN_CONSTANT_CONVERSION = YES;
				CLANG_WARN_DIRECT_OBJC_ISA_USAGE = YES_ERROR;
				CLANG_WARN_EMPTY_BODY = YES;
				CLANG_WARN_ENUM_CONVERSION = YES;
				CLANG_WARN_INT_CONVERSION = YES;
				CLANG_WARN_OBJC_ROOT_CLASS = YES_ERROR;
				CLANG_WARN__DUPLICATE_METHOD_MATCH = YES;
				"CODE_SIGN_IDENTITY[sdk=iphoneos*]" = "iPhone Developer";
				COPY_PHASE_STRIP = YES;
				ENABLE_NS_ASSERTIONS = NO;
				GCC_C_LANGUAGE_STANDARD = gnu99;
				GCC_WARN_64_TO_32_BIT_CONVERSION = YES;
				GCC_WARN_ABOUT_RETURN_TYPE = YES_ERROR;
				GCC_WARN_UNDECLARED_SELECTOR = YES;
				GCC_WARN_UNINITIALIZED_AUTOS = YES_AGGRESSIVE;
				GCC_WARN_UNUSED_FUNCTION = YES;
				GCC_WARN_UNUSED_VARIABLE = YES;
				IPHONEOS_DEPLOYMENT_TARGET = 7.1;
				SDKROOT = iphoneos;
				VALIDATE_PRODUCT = YES;
			};
			name = Release;
		};
		8A5C8238195F6B3900A8BA6B /* Debug */ = {
			isa = XCBuildConfiguration;
			buildSettings = {
				ASSETCATALOG_COMPILER_APPICON_NAME = AppIcon;
				ASSETCATALOG_COMPILER_LAUNCHIMAGE_NAME = LaunchImage;
				FRAMEWORK_SEARCH_PATHS = (
					"$(inherited)",
					"$(PROJECT_DIR)",
				);
				GCC_PRECOMPILE_PREFIX_HEADER = YES;
				GCC_PREFIX_HEADER = "pp/ParseTutorial-Prefix.pch";
				INFOPLIST_FILE = "pp/ParseTutorial-Info.plist";
				PRODUCT_NAME = ParseTutorial;
				WRAPPER_EXTENSION = app;
			};
			name = Debug;
		};
		8A5C8239195F6B3900A8BA6B /* Release */ = {
			isa = XCBuildConfiguration;
			buildSettings = {
				ASSETCATALOG_COMPILER_APPICON_NAME = AppIcon;
				ASSETCATALOG_COMPILER_LAUNCHIMAGE_NAME = LaunchImage;
				FRAMEWORK_SEARCH_PATHS = (
					"$(inherited)",
					"$(PROJECT_DIR)",
				);
				GCC_PRECOMPILE_PREFIX_HEADER = YES;
				GCC_PREFIX_HEADER = "pp/ParseTutorial-Prefix.pch";
				INFOPLIST_FILE = "pp/ParseTutorial-Info.plist";
				PRODUCT_NAME = ParseTutorial;
				WRAPPER_EXTENSION = app;
			};
			name = Release;
		};
		8A5C823B195F6B3900A8BA6B /* Debug */ = {
			isa = XCBuildConfiguration;
			buildSettings = {
				BUNDLE_LOADER = "$(BUILT_PRODUCTS_DIR)/pp.app/pp";
				FRAMEWORK_SEARCH_PATHS = (
					"$(SDKROOT)/Developer/Library/Frameworks",
					"$(inherited)",
					"$(DEVELOPER_FRAMEWORKS_DIR)",
				);
				GCC_PRECOMPILE_PREFIX_HEADER = YES;
				GCC_PREFIX_HEADER = "pp/pp-Prefix.pch";
				GCC_PREPROCESSOR_DEFINITIONS = (
					"DEBUG=1",
					"$(inherited)",
				);
				INFOPLIST_FILE = "ppTests/ParseTutorialTests-Info.plist";
				PRODUCT_NAME = ParseTutorialTests;
				TEST_HOST = "$(BUNDLE_LOADER)";
				WRAPPER_EXTENSION = xctest;
			};
			name = Debug;
		};
		8A5C823C195F6B3900A8BA6B /* Release */ = {
			isa = XCBuildConfiguration;
			buildSettings = {
				BUNDLE_LOADER = "$(BUILT_PRODUCTS_DIR)/pp.app/pp";
				FRAMEWORK_SEARCH_PATHS = (
					"$(SDKROOT)/Developer/Library/Frameworks",
					"$(inherited)",
					"$(DEVELOPER_FRAMEWORKS_DIR)",
				);
				GCC_PRECOMPILE_PREFIX_HEADER = YES;
				GCC_PREFIX_HEADER = "pp/pp-Prefix.pch";
				INFOPLIST_FILE = "ppTests/ParseTutorialTests-Info.plist";
				PRODUCT_NAME = ParseTutorialTests;
				TEST_HOST = "$(BUNDLE_LOADER)";
				WRAPPER_EXTENSION = xctest;
			};
			name = Release;
		};
/* End XCBuildConfiguration section */

/* Begin XCConfigurationList section */
		8A5C8200195F6B3800A8BA6B /* Build configuration list for PBXProject "ParseTutorial" */ = {
			isa = XCConfigurationList;
			buildConfigurations = (
				8A5C8235195F6B3900A8BA6B /* Debug */,
				8A5C8236195F6B3900A8BA6B /* Release */,
			);
			defaultConfigurationIsVisible = 0;
			defaultConfigurationName = Release;
		};
		8A5C8237195F6B3900A8BA6B /* Build configuration list for PBXNativeTarget "ParseTutorial" */ = {
			isa = XCConfigurationList;
			buildConfigurations = (
				8A5C8238195F6B3900A8BA6B /* Debug */,
				8A5C8239195F6B3900A8BA6B /* Release */,
			);
			defaultConfigurationIsVisible = 0;
			defaultConfigurationName = Release;
		};
		8A5C823A195F6B3900A8BA6B /* Build configuration list for PBXNativeTarget "ParseTutorialTests" */ = {
			isa = XCConfigurationList;
			buildConfigurations = (
				8A5C823B195F6B3900A8BA6B /* Debug */,
				8A5C823C195F6B3900A8BA6B /* Release */,
			);
			defaultConfigurationIsVisible = 0;
			defaultConfigurationName = Release;
		};
/* End XCConfigurationList section */
	};
	rootObject = 8A5C81FD195F6B3800A8BA6B /* Project object */;
}
